
Microsoft Visual Studio Solution File, Format Version 12.00
# Visual Studio Version 17
VisualStudioVersion = 17.7.34031.279
MinimumVisualStudioVersion = 10.0.40219.1
Project("{FAE04EC0-301F-11D3-BF4B-00C04F79EFBC}") = "SteamFernandoVillarreal", "SteamFernandoVillarreal\SteamFernandoVillarreal.csproj", "{1DBB9C1C-6679-41DE-9485-B5D43F79CCF8}"
EndProject
Global
	GlobalSection(SolutionConfigurationPlatforms) = preSolution
		Debug|Any CPU = Debug|Any CPU
		Release|Any CPU = Release|Any CPU
	EndGlobalSection
	GlobalSection(ProjectConfigurationPlatforms) = postSolution
		{1DBB9C1C-6679-41DE-9485-B5D43F79CCF8}.Debug|Any CPU.ActiveCfg = Debug|Any CPU
		{1DBB9C1C-6679-41DE-9485-B5D43F79CCF8}.Debug|Any CPU.Build.0 = Debug|Any CPU
		{1DBB9C1C-6679-41DE-9485-B5D43F79CCF8}.Release|Any CPU.ActiveCfg = Release|Any CPU
		{1DBB9C1C-6679-41DE-9485-B5D43F79CCF8}.Release|Any CPU.Build.0 = Release|Any CPU
	EndGlobalSection
	GlobalSection(SolutionProperties) = preSolution
		HideSolutionNode = FALSE
	EndGlobalSection
	GlobalSection(ExtensibilityGlobals) = postSolution
		SolutionGuid = {7901C53D-5BB7-4CB5-B582-4612E4B4575F}
	EndGlobalSection
EndGlobal
